
Microsoft Visual Studio Solution File, Format Version 12.00
# Visual Studio 15
VisualStudioVersion = 15.0.33423.255
MinimumVisualStudioVersion = 10.0.40219.1
Project("{FAE04EC0-301F-11D3-BF4B-00C04F79EFBC}") = "FLExTransRuleGenerator", "FLExTransRuleGenerator.csproj", "{1558AEBA-5E18-47F3-883E-4C90550C3C43}"
EndProject
Project("{FAE04EC0-301F-11D3-BF4B-00C04F79EFBC}") = "RuleGeneratorModel", "RuleGeneratorModel\RuleGeneratorModel.csproj", "{F02436A4-FB00-4903-AD32-5990A3650542}"
EndProject
Project("{FAE04EC0-301F-11D3-BF4B-00C04F79EFBC}") = "RuleGeneratorModelTests", "RuleGeneratorModelTests\RuleGeneratorModelTests.csproj", "{01E841DF-29BC-4448-B22E-AAAFB7083F70}"
EndProject
Project("{FAE04EC0-301F-11D3-BF4B-00C04F79EFBC}") = "RuleGeneratorService", "RuleGeneratorService\RuleGeneratorService.csproj", "{F805782C-E05C-422E-A895-32BB6A5E05EC}"
EndProject
Project("{FAE04EC0-301F-11D3-BF4B-00C04F79EFBC}") = "RuleGeneratorServiceTests", "RuleGeneratorServiceTests\RuleGeneratorServiceTests.csproj", "{708FB305-0A27-4B45-BFE6-AECFB5578840}"
EndProject
Global
	GlobalSection(SolutionConfigurationPlatforms) = preSolution
		Debug|Any CPU = Debug|Any CPU
		Debug|x64 = Debug|x64
		Release|Any CPU = Release|Any CPU
		Release|x64 = Release|x64
	EndGlobalSection
	GlobalSection(ProjectConfigurationPlatforms) = postSolution
		{1558AEBA-5E18-47F3-883E-4C90550C3C43}.Debug|Any CPU.ActiveCfg = Debug|x64
		{1558AEBA-5E18-47F3-883E-4C90550C3C43}.Debug|Any CPU.Build.0 = Debug|x64
		{1558AEBA-5E18-47F3-883E-4C90550C3C43}.Debug|x64.ActiveCfg = Debug|x64
		{1558AEBA-5E18-47F3-883E-4C90550C3C43}.Debug|x64.Build.0 = Debug|x64
		{1558AEBA-5E18-47F3-883E-4C90550C3C43}.Release|Any CPU.ActiveCfg = Release|x64
		{1558AEBA-5E18-47F3-883E-4C90550C3C43}.Release|Any CPU.Build.0 = Release|x64
		{1558AEBA-5E18-47F3-883E-4C90550C3C43}.Release|x64.ActiveCfg = Release|x64
		{1558AEBA-5E18-47F3-883E-4C90550C3C43}.Release|x64.Build.0 = Release|x64
		{F02436A4-FB00-4903-AD32-5990A3650542}.Debug|Any CPU.ActiveCfg = Debug|x64
		{F02436A4-FB00-4903-AD32-5990A3650542}.Debug|Any CPU.Build.0 = Debug|x64
		{F02436A4-FB00-4903-AD32-5990A3650542}.Debug|x64.ActiveCfg = Debug|x64
		{F02436A4-FB00-4903-AD32-5990A3650542}.Debug|x64.Build.0 = Debug|x64
		{F02436A4-FB00-4903-AD32-5990A3650542}.Release|Any CPU.ActiveCfg = Release|x64
		{F02436A4-FB00-4903-AD32-5990A3650542}.Release|Any CPU.Build.0 = Release|x64
		{F02436A4-FB00-4903-AD32-5990A3650542}.Release|x64.ActiveCfg = Release|x64
		{F02436A4-FB00-4903-AD32-5990A3650542}.Release|x64.Build.0 = Release|x64
		{01E841DF-29BC-4448-B22E-AAAFB7083F70}.Debug|Any CPU.ActiveCfg = Debug|x64
		{01E841DF-29BC-4448-B22E-AAAFB7083F70}.Debug|Any CPU.Build.0 = Debug|x64
		{01E841DF-29BC-4448-B22E-AAAFB7083F70}.Debug|x64.ActiveCfg = Debug|x64
		{01E841DF-29BC-4448-B22E-AAAFB7083F70}.Debug|x64.Build.0 = Debug|x64
		{01E841DF-29BC-4448-B22E-AAAFB7083F70}.Release|Any CPU.ActiveCfg = Release|x64
		{01E841DF-29BC-4448-B22E-AAAFB7083F70}.Release|Any CPU.Build.0 = Release|x64
		{01E841DF-29BC-4448-B22E-AAAFB7083F70}.Release|x64.ActiveCfg = Release|x64
		{01E841DF-29BC-4448-B22E-AAAFB7083F70}.Release|x64.Build.0 = Release|x64
		{F805782C-E05C-422E-A895-32BB6A5E05EC}.Debug|Any CPU.ActiveCfg = Debug|Any CPU
		{F805782C-E05C-422E-A895-32BB6A5E05EC}.Debug|Any CPU.Build.0 = Debug|Any CPU
		{F805782C-E05C-422E-A895-32BB6A5E05EC}.Debug|x64.ActiveCfg = Debug|x64
		{F805782C-E05C-422E-A895-32BB6A5E05EC}.Debug|x64.Build.0 = Debug|x64
		{F805782C-E05C-422E-A895-32BB6A5E05EC}.Release|Any CPU.ActiveCfg = Release|Any CPU
		{F805782C-E05C-422E-A895-32BB6A5E05EC}.Release|Any CPU.Build.0 = Release|Any CPU
		{F805782C-E05C-422E-A895-32BB6A5E05EC}.Release|x64.ActiveCfg = Release|x64
		{F805782C-E05C-422E-A895-32BB6A5E05EC}.Release|x64.Build.0 = Release|x64
		{708FB305-0A27-4B45-BFE6-AECFB5578840}.Debug|Any CPU.ActiveCfg = Debug|Any CPU
		{708FB305-0A27-4B45-BFE6-AECFB5578840}.Debug|Any CPU.Build.0 = Debug|Any CPU
		{708FB305-0A27-4B45-BFE6-AECFB5578840}.Debug|x64.ActiveCfg = Debug|x64
		{708FB305-0A27-4B45-BFE6-AECFB5578840}.Debug|x64.Build.0 = Debug|x64
		{708FB305-0A27-4B45-BFE6-AECFB5578840}.Release|Any CPU.ActiveCfg = Release|Any CPU
		{708FB305-0A27-4B45-BFE6-AECFB5578840}.Release|Any CPU.Build.0 = Release|Any CPU
		{708FB305-0A27-4B45-BFE6-AECFB5578840}.Release|x64.ActiveCfg = Release|x64
		{708FB305-0A27-4B45-BFE6-AECFB5578840}.Release|x64.Build.0 = Release|x64
	EndGlobalSection
	GlobalSection(SolutionProperties) = preSolution
		HideSolutionNode = FALSE
	EndGlobalSection
	GlobalSection(ExtensibilityGlobals) = postSolution
		SolutionGuid = {FCEB8A06-028F-402B-9151-6AC5C87DF9B1}
	EndGlobalSection
EndGlobal
